<?xml version="1.0" encoding="utf-8"?>
<Project ToolsVersion="4.0" xmlns="http://schemas.microsoft.com/developer/msbuild/2003">
  <ItemGroup>
    <Filter Include="Source Files">
      <UniqueIdentifier>{4FC737F1-C7A5-4376-A066-2A32D752A2FF}</UniqueIdentifier>
      <Extensions>cpp;c;cc;cxx;def;odl;idl;hpj;bat;asm;asmx</Extensions>
    </Filter>
    <Filter Include="Header Files">
      <UniqueIdentifier>{93995380-89BD-4b04-88EB-625FBE52EBFB}</UniqueIdentifier>
      <Extensions>h;hh;hpp;hxx;hm;inl;inc;ipp;xsd</Extensions>
    </Filter>
    <Filter Include="Resource Files">
      <UniqueIdentifier>{67DA6AB6-F800-4c08-8B7A-83BB121AAD01}</UniqueIdentifier>
      <Extensions>rc;ico;cur;bmp;dlg;rc2;rct;bin;rgs;gif;jpg;jpeg;jpe;resx;tiff;tif;png;wav;mfcribbon-ms</Extensions>
    </Filter>
  </ItemGroup>
  <ItemGroup>
    <None Include="packages.config" />
  </ItemGroup>
  <ItemGroup>
    <ClInclude Include="Header Files\Core.h">
      <Filter>Header Files</Filter>
    </ClInclude>
    <ClInclude Include="Header Files\imconfig.h">
      <Filter>Header Files</Filter>
    </ClInclude>
    <ClInclude Include="Header Files\imgui.h">
      <Filter>Header Files</Filter>
    </ClInclude>
    <ClInclude Include="Header Files\imstb_rectpack.h">
      <Filter>Header Files</Filter>
    </ClInclude>
    <ClInclude Include="Header Files\imstb_textedit.h">
      <Filter>Header Files</Filter>
    </ClInclude>
    <ClInclude Include="Header Files\imstb_truetype.h">
      <Filter>Header Files</Filter>
    </ClInclude>
    <ClInclude Include="Header Files\imgui_impl_glfw.h">
      <Filter>Header Files</Filter>
    </ClInclude>
    <ClInclude Include="Header Files\imgui_impl_opengl3.h">
      <Filter>Header Files</Filter>
    </ClInclude>
    <ClInclude Include="Header Files\MainProgram.h">
      <Filter>Header Files</Filter>
    </ClInclude>
    <ClInclude Include="Header Files\GUIcontainer.h">
      <Filter>Header Files</Filter>
    </ClInclude>
    <ClInclude Include="Header Files\Texture.h">
      <Filter>Header Files</Filter>
    </ClInclude>
    <ClInclude Include="Header Files\stb_image.h">
      <Filter>Header Files</Filter>
    </ClInclude>
    <ClInclude Include="Header Files\Model.h">
      <Filter>Header Files</Filter>
    </ClInclude>
    <ClInclude Include="Header Files\Shader.h">
      <Filter>Header Files</Filter>
    </ClInclude>
    <ClInclude Include="Header Files\Camera.h">
      <Filter>Header Files</Filter>
    </ClInclude>
    <ClInclude Include="Header Files\LevelEditor.h">
      <Filter>Header Files</Filter>
    </ClInclude>
    <ClInclude Include="Header Files\SystemMessageGUI.h">
      <Filter>Header Files</Filter>
    </ClInclude>
    <ClInclude Include="Header Files\TileHandler.h">
      <Filter>Header Files</Filter>
    </ClInclude>
    <ClInclude Include="Header Files\AABB.h">
      <Filter>Header Files</Filter>
    </ClInclude>
    <ClInclude Include="Header Files\AABBTree.h">
      <Filter>Header Files</Filter>
    </ClInclude>
    <ClInclude Include="Header Files\EntityHandler.h">
      <Filter>Header Files</Filter>
    </ClInclude>
    <ClInclude Include="Header Files\EditorOverlay.h">
      <Filter>Header Files</Filter>
    </ClInclude>
    <ClInclude Include="Header Files\Palette.h">
      <Filter>Header Files</Filter>
    </ClInclude>
    <ClInclude Include="Header Files\SpriteData.h">
      <Filter>Header Files</Filter>
    </ClInclude>
    <ClInclude Include="Header Files\Cursor.h">
      <Filter>Header Files</Filter>
    </ClInclude>
    <ClInclude Include="Header Files\UtilityFunctions.h">
      <Filter>Header Files</Filter>
    </ClInclude>
  </ItemGroup>
  <ItemGroup>
    <ClCompile Include="Source Files\MainProgram.cpp">
      <Filter>Source Files</Filter>
    </ClCompile>
    <ClCompile Include="Source Files\imgui.cpp">
      <Filter>Source Files</Filter>
    </ClCompile>
    <ClCompile Include="Source Files\imgui_demo.cpp">
      <Filter>Source Files</Filter>
    </ClCompile>
    <ClCompile Include="Source Files\imgui_draw.cpp">
      <Filter>Source Files</Filter>
    </ClCompile>
    <ClCompile Include="Source Files\imgui_tables.cpp">
      <Filter>Source Files</Filter>
    </ClCompile>
    <ClCompile Include="Source Files\imgui_widgets.cpp">
      <Filter>Source Files</Filter>
    </ClCompile>
    <ClCompile Include="Source Files\imgui_impl_glfw.cpp">
      <Filter>Source Files</Filter>
    </ClCompile>
    <ClCompile Include="Source Files\imgui_impl_opengl3.cpp">
      <Filter>Source Files</Filter>
    </ClCompile>
    <ClCompile Include="Source Files\GUIcontainer.cpp">
      <Filter>Source Files</Filter>
    </ClCompile>
    <ClCompile Include="Source Files\Texture.cpp">
      <Filter>Source Files</Filter>
    </ClCompile>
    <ClCompile Include="Source Files\Model.cpp">
      <Filter>Source Files</Filter>
    </ClCompile>
    <ClCompile Include="Source Files\Shader.cpp">
      <Filter>Source Files</Filter>
    </ClCompile>
    <ClCompile Include="Source Files\Camera.cpp">
      <Filter>Source Files</Filter>
    </ClCompile>
    <ClCompile Include="Source Files\LevelEditor.cpp">
      <Filter>Source Files</Filter>
    </ClCompile>
    <ClCompile Include="Source Files\SystemMessageGUI.cpp">
      <Filter>Source Files</Filter>
    </ClCompile>
    <ClCompile Include="Source Files\TileHandler.cpp">
      <Filter>Source Files</Filter>
    </ClCompile>
    <ClCompile Include="Source Files\AABBTree.cpp">
      <Filter>Source Files</Filter>
    </ClCompile>
    <ClCompile Include="Source Files\EntityHandler.cpp">
      <Filter>Source Files</Filter>
    </ClCompile>
    <ClCompile Include="Source Files\EditorOverlay.cpp">
      <Filter>Source Files</Filter>
    </ClCompile>
    <ClCompile Include="Source Files\Palette.cpp">
      <Filter>Source Files</Filter>
    </ClCompile>
    <ClCompile Include="Source Files\SpriteData.cpp">
      <Filter>Source Files</Filter>
    </ClCompile>
    <ClCompile Include="Source Files\stb_image_impl.cpp">
      <Filter>Source Files</Filter>
    </ClCompile>
    <ClCompile Include="Source Files\Cursor.cpp">
      <Filter>Source Files</Filter>
    </ClCompile>
    <ClCompile Include="Source Files\UtilityFunctions.cpp">
      <Filter>Source Files</Filter>
    </ClCompile>
  </ItemGroup>
</Project>